
Microsoft Visual Studio Solution File, Format Version 12.00
# Visual Studio Version 17
VisualStudioVersion = 17.9.34728.123
MinimumVisualStudioVersion = 10.0.40219.1
Project("{FAE04EC0-301F-11D3-BF4B-00C04F79EFBC}") = "NunitDemo", "NunitDemo\NunitDemo.csproj", "{90769D5C-42EC-4799-ADD2-8E83F7AD7597}"
EndProject
Project("{FAE04EC0-301F-11D3-BF4B-00C04F79EFBC}") = "TestClassManpreet", "TestClassManpreet\TestClassManpreet.csproj", "{9FF50873-B000-4335-AC48-6D618A419643}"
EndProject
Global
	GlobalSection(SolutionConfigurationPlatforms) = preSolution
		Debug|Any CPU = Debug|Any CPU
		Release|Any CPU = Release|Any CPU
	EndGlobalSection
	GlobalSection(ProjectConfigurationPlatforms) = postSolution
		{90769D5C-42EC-4799-ADD2-8E83F7AD7597}.Debug|Any CPU.ActiveCfg = Debug|Any CPU
		{90769D5C-42EC-4799-ADD2-8E83F7AD7597}.Debug|Any CPU.Build.0 = Debug|Any CPU
		{90769D5C-42EC-4799-ADD2-8E83F7AD7597}.Release|Any CPU.ActiveCfg = Release|Any CPU
		{90769D5C-42EC-4799-ADD2-8E83F7AD7597}.Release|Any CPU.Build.0 = Release|Any CPU
		{9FF50873-B000-4335-AC48-6D618A419643}.Debug|Any CPU.ActiveCfg = Debug|Any CPU
		{9FF50873-B000-4335-AC48-6D618A419643}.Debug|Any CPU.Build.0 = Debug|Any CPU
		{9FF50873-B000-4335-AC48-6D618A419643}.Release|Any CPU.ActiveCfg = Release|Any CPU
		{9FF50873-B000-4335-AC48-6D618A419643}.Release|Any CPU.Build.0 = Release|Any CPU
	EndGlobalSection
	GlobalSection(SolutionProperties) = preSolution
		HideSolutionNode = FALSE
	EndGlobalSection
	GlobalSection(ExtensibilityGlobals) = postSolution
		SolutionGuid = {47A89AEC-175D-4F21-993B-55B4D8E7EE31}
	EndGlobalSection
EndGlobal
